
Microsoft Visual Studio Solution File, Format Version 12.00
# Visual Studio 15
VisualStudioVersion = 15.0.27428.2011
MinimumVisualStudioVersion = 10.0.40219.1
Project("{888888A0-9F3D-457C-B088-3A5042F75D52}") = "HW3-2", "HW3-2\HW3-2.pyproj", "{3440EBA9-CEA2-4F52-9966-1C977624A1F7}"
EndProject
Global
	GlobalSection(SolutionConfigurationPlatforms) = preSolution
		Debug|Any CPU = Debug|Any CPU
		Release|Any CPU = Release|Any CPU
	EndGlobalSection
	GlobalSection(ProjectConfigurationPlatforms) = postSolution
		{3440EBA9-CEA2-4F52-9966-1C977624A1F7}.Debug|Any CPU.ActiveCfg = Debug|Any CPU
		{3440EBA9-CEA2-4F52-9966-1C977624A1F7}.Release|Any CPU.ActiveCfg = Release|Any CPU
	EndGlobalSection
	GlobalSection(SolutionProperties) = preSolution
		HideSolutionNode = FALSE
	EndGlobalSection
	GlobalSection(ExtensibilityGlobals) = postSolution
		SolutionGuid = {DD56FDC6-1A96-4B06-9F2A-6DA3F080A2D2}
	EndGlobalSection
EndGlobal
