
Microsoft Visual Studio Solution File, Format Version 12.00
# Visual Studio 15
VisualStudioVersion = 15.0.27428.2011
MinimumVisualStudioVersion = 10.0.40219.1
Project("{888888A0-9F3D-457C-B088-3A5042F75D52}") = "sendfile", "sendfile\sendfile.pyproj", "{97AE371A-06AD-4AA4-A728-413E1693B102}"
EndProject
Global
	GlobalSection(SolutionConfigurationPlatforms) = preSolution
		Debug|Any CPU = Debug|Any CPU
		Release|Any CPU = Release|Any CPU
	EndGlobalSection
	GlobalSection(ProjectConfigurationPlatforms) = postSolution
		{97AE371A-06AD-4AA4-A728-413E1693B102}.Debug|Any CPU.ActiveCfg = Debug|Any CPU
		{97AE371A-06AD-4AA4-A728-413E1693B102}.Release|Any CPU.ActiveCfg = Release|Any CPU
	EndGlobalSection
	GlobalSection(SolutionProperties) = preSolution
		HideSolutionNode = FALSE
	EndGlobalSection
	GlobalSection(ExtensibilityGlobals) = postSolution
		SolutionGuid = {6C9AC853-8AF9-4ABD-A27B-193D2A56B32F}
	EndGlobalSection
EndGlobal
