
Microsoft Visual Studio Solution File, Format Version 12.00
# Visual Studio 15
VisualStudioVersion = 15.0.27428.2011
MinimumVisualStudioVersion = 10.0.40219.1
Project("{888888A0-9F3D-457C-B088-3A5042F75D52}") = "HW3", "HW3\HW3.pyproj", "{CCEBC8BB-47D4-46E6-866E-9D2BCF1918DE}"
EndProject
Global
	GlobalSection(SolutionConfigurationPlatforms) = preSolution
		Debug|Any CPU = Debug|Any CPU
		Release|Any CPU = Release|Any CPU
	EndGlobalSection
	GlobalSection(ProjectConfigurationPlatforms) = postSolution
		{CCEBC8BB-47D4-46E6-866E-9D2BCF1918DE}.Debug|Any CPU.ActiveCfg = Debug|Any CPU
		{CCEBC8BB-47D4-46E6-866E-9D2BCF1918DE}.Release|Any CPU.ActiveCfg = Release|Any CPU
	EndGlobalSection
	GlobalSection(SolutionProperties) = preSolution
		HideSolutionNode = FALSE
	EndGlobalSection
	GlobalSection(ExtensibilityGlobals) = postSolution
		SolutionGuid = {A051D986-15BB-4489-AC19-AA88565FF14C}
	EndGlobalSection
EndGlobal
