
Microsoft Visual Studio Solution File, Format Version 12.00
# Visual Studio 15
VisualStudioVersion = 15.0.27428.2011
MinimumVisualStudioVersion = 10.0.40219.1
Project("{888888A0-9F3D-457C-B088-3A5042F75D52}") = "kmeans", "kmeans\kmeans.pyproj", "{BD40F886-B57D-41C1-A1BA-AF5AF350D5CE}"
EndProject
Global
	GlobalSection(SolutionConfigurationPlatforms) = preSolution
		Debug|Any CPU = Debug|Any CPU
		Release|Any CPU = Release|Any CPU
	EndGlobalSection
	GlobalSection(ProjectConfigurationPlatforms) = postSolution
		{BD40F886-B57D-41C1-A1BA-AF5AF350D5CE}.Debug|Any CPU.ActiveCfg = Debug|Any CPU
		{BD40F886-B57D-41C1-A1BA-AF5AF350D5CE}.Release|Any CPU.ActiveCfg = Release|Any CPU
	EndGlobalSection
	GlobalSection(SolutionProperties) = preSolution
		HideSolutionNode = FALSE
	EndGlobalSection
	GlobalSection(ExtensibilityGlobals) = postSolution
		SolutionGuid = {6ED4B245-7B1D-4181-BBF4-F79AF217CECF}
	EndGlobalSection
EndGlobal
